Microsoft Visual Studio Solution File, Format Version 12.00
# Visual Studio Version 17
VisualStudioVersion = 17.5.2.0
MinimumVisualStudioVersion = 10.0.40219.1
Project("{2150E333-8FDC-42A3-9474-1A3956D46DE8}") = "CalendarBase", "CalendarBase", "{64204D96-D74E-C3E6-A3F3-C6ADEF9B75BB}"
EndProject
Project("{2150E333-8FDC-42A3-9474-1A3956D46DE8}") = "CrtAIEmbedded", "CrtAIEmbedded", "{AB19B454-EE86-775E-AECA-0EAE6E131B0E}"
EndProject
Project("{2150E333-8FDC-42A3-9474-1A3956D46DE8}") = "CrtBaseConsts", "CrtBaseConsts", "{7E337478-8084-64A8-2E74-B1895AC8F673}"
EndProject
Project("{2150E333-8FDC-42A3-9474-1A3956D46DE8}") = "CrtCalendar", "CrtCalendar", "{528E5DFE-C1E2-32F6-8ACA-BB26EF853963}"
EndProject
Project("{2150E333-8FDC-42A3-9474-1A3956D46DE8}") = "CrtCall", "CrtCall", "{3753AE4E-E756-CE2F-AE09-E1127942A8B5}"
EndProject
Project("{2150E333-8FDC-42A3-9474-1A3956D46DE8}") = "CrtComponentCopilot", "CrtComponentCopilot", "{C6AFB396-2C26-EA9C-EF48-C9633202F2F1}"
EndProject
Project("{2150E333-8FDC-42A3-9474-1A3956D46DE8}") = "CrtCopilot", "CrtCopilot", "{939B897F-04C7-796E-CA17-38ADA71712A7}"
EndProject
Project("{2150E333-8FDC-42A3-9474-1A3956D46DE8}") = "CrtCopilotStudio", "CrtCopilotStudio", "{6F59656A-A2CE-40AC-139A-F218F3AA89DA}"
EndProject
Project("{2150E333-8FDC-42A3-9474-1A3956D46DE8}") = "CrtCore", "CrtCore", "{69DE3606-E6BD-F908-5CD8-DB4CD6952042}"
EndProject
Project("{2150E333-8FDC-42A3-9474-1A3956D46DE8}") = "CrtCoreBase", "CrtCoreBase", "{22321AFD-43CB-9463-DBE5-9CB7D2ACDDFD}"
EndProject
Project("{2150E333-8FDC-42A3-9474-1A3956D46DE8}") = "CrtDataForge", "CrtDataForge", "{B941F4C1-7881-1E8C-81BD-3F4EE25A1AB4}"
EndProject
Project("{2150E333-8FDC-42A3-9474-1A3956D46DE8}") = "CrtEmailSender", "CrtEmailSender", "{1FCE5EA6-6928-5B05-C03E-2477F1C8D27E}"
EndProject
Project("{2150E333-8FDC-42A3-9474-1A3956D46DE8}") = "CrtEmailTemplate", "CrtEmailTemplate", "{5351715B-EA71-BD9D-D846-76D50D2BED42}"
EndProject
Project("{2150E333-8FDC-42A3-9474-1A3956D46DE8}") = "CrtFeatureToggling", "CrtFeatureToggling", "{C0A7D064-6B1B-47D0-1FB3-EAEE58543DFD}"
EndProject
Project("{2150E333-8FDC-42A3-9474-1A3956D46DE8}") = "CrtGeminiApiIntegraion", "CrtGeminiApiIntegraion", "{E1A66106-80F6-7E2D-43F7-5A5A56856B59}"
EndProject
Project("{2150E333-8FDC-42A3-9474-1A3956D46DE8}") = "CrtMacrosBase", "CrtMacrosBase", "{A63355A9-4A03-005D-7BC2-2A75F4EB31B7}"
EndProject
Project("{2150E333-8FDC-42A3-9474-1A3956D46DE8}") = "CrtMessage", "CrtMessage", "{31375D20-00DD-78EC-A1AD-D9DDAC7D8CE7}"
EndProject
Project("{2150E333-8FDC-42A3-9474-1A3956D46DE8}") = "CrtML", "CrtML", "{C6A85FD3-31CC-D670-0EF7-1AD49DB0CD3A}"
EndProject
Project("{2150E333-8FDC-42A3-9474-1A3956D46DE8}") = "CrtMLangContent", "CrtMLangContent", "{C71217C3-4AB3-B5BB-B091-3FEDD0227852}"
EndProject
Project("{2150E333-8FDC-42A3-9474-1A3956D46DE8}") = "CrtMobileFreedomUIStylesFor7x", "CrtMobileFreedomUIStylesFor7x", "{AF0508E9-07DD-7EE9-7B00-B2F9016B7F1F}"
EndProject
Project("{2150E333-8FDC-42A3-9474-1A3956D46DE8}") = "CrtNextStep", "CrtNextStep", "{24286450-5083-9283-75A7-E6CC9BE46900}"
EndProject
Project("{2150E333-8FDC-42A3-9474-1A3956D46DE8}") = "CrtOmnichannelApp", "CrtOmnichannelApp", "{760DE0A9-FDC5-6E0B-1A19-62C99A90565A}"
EndProject
Project("{2150E333-8FDC-42A3-9474-1A3956D46DE8}") = "CrtProductivityApp", "CrtProductivityApp", "{55BB4B61-A46D-CA15-B656-41E74403A653}"
EndProject
Project("{2150E333-8FDC-42A3-9474-1A3956D46DE8}") = "CrtProductivityCopilot", "CrtProductivityCopilot", "{D88CDF77-CF44-0C4F-1E22-2145FFED0E3B}"
EndProject
Project("{2150E333-8FDC-42A3-9474-1A3956D46DE8}") = "CrtProductivityMobile", "CrtProductivityMobile", "{487BC188-79EA-5012-127D-33ED91D43D82}"
EndProject
Project("{2150E333-8FDC-42A3-9474-1A3956D46DE8}") = "CrtSecurity", "CrtSecurity", "{CF79F503-2F82-D302-04BC-ABD55F92A49F}"
EndProject
Project("{2150E333-8FDC-42A3-9474-1A3956D46DE8}") = "CrtSecurity7x", "CrtSecurity7x", "{5E547B37-1820-3748-C2C7-0C23319EB2F2}"
EndProject
Project("{2150E333-8FDC-42A3-9474-1A3956D46DE8}") = "CrtSmsIntegration", "CrtSmsIntegration", "{EF50D627-C5D3-DF95-3935-50B9AEB53C8F}"
EndProject
Project("{2150E333-8FDC-42A3-9474-1A3956D46DE8}") = "CrtSpecification", "CrtSpecification", "{24D6DC4E-7459-3CFD-6A1A-214406FBE033}"
EndProject
Project("{2150E333-8FDC-42A3-9474-1A3956D46DE8}") = "CrtStudioCopilot", "CrtStudioCopilot", "{7759BF99-1614-5E2F-1928-7A31F59AB9F3}"
EndProject
Project("{2150E333-8FDC-42A3-9474-1A3956D46DE8}") = "CrtTechnicalUsers", "CrtTechnicalUsers", "{30F230F9-9CD8-AD2B-B61A-74DB333B8CD8}"
EndProject
Project("{2150E333-8FDC-42A3-9474-1A3956D46DE8}") = "CrtTechUserCreatioALMIntegration", "CrtTechUserCreatioALMIntegration", "{E2C4535A-067B-5517-717F-1B3BF4C4ADFA}"
EndProject
Project("{2150E333-8FDC-42A3-9474-1A3956D46DE8}") = "CrtTechUserCreatioResKitUtility", "CrtTechUserCreatioResKitUtility", "{CC3F70A2-6C4B-C760-BFF0-138B57CC89A5}"
EndProject
Project("{2150E333-8FDC-42A3-9474-1A3956D46DE8}") = "CrtTouchPointBase", "CrtTouchPointBase", "{D3B84E0D-C29D-F305-249F-6EE7B899BA42}"
EndProject
Project("{2150E333-8FDC-42A3-9474-1A3956D46DE8}") = "CrtTranslation", "CrtTranslation", "{35233925-EC5A-C141-BC10-1A794EA0270B}"
EndProject
Project("{2150E333-8FDC-42A3-9474-1A3956D46DE8}") = "CrtUIPlatform", "CrtUIPlatform", "{137D456D-3D1E-976D-398D-DA5F2C7915F6}"
EndProject
Project("{2150E333-8FDC-42A3-9474-1A3956D46DE8}") = "CrtUIPlatform7x", "CrtUIPlatform7x", "{A7139698-1572-8066-A9C6-182001682C22}"
EndProject
Project("{2150E333-8FDC-42A3-9474-1A3956D46DE8}") = "CrtUISwitcher", "CrtUISwitcher", "{BE49F5CC-47D4-B6EE-0617-A6B3BEAAA92C}"
EndProject
Project("{2150E333-8FDC-42A3-9474-1A3956D46DE8}") = "CrtUserLevelSchema", "CrtUserLevelSchema", "{5D9911B7-EB03-812D-C67A-5773AF7CD052}"
EndProject
Project("{2150E333-8FDC-42A3-9474-1A3956D46DE8}") = "CrtWebFarm", "CrtWebFarm", "{0A1F6824-C60C-DD5D-DB06-0D73BC801DFF}"
EndProject
Project("{2150E333-8FDC-42A3-9474-1A3956D46DE8}") = "CrtWebFormBase", "CrtWebFormBase", "{031EFB20-C3E6-F9AD-07EA-782F83DBEF35}"
EndProject
Project("{2150E333-8FDC-42A3-9474-1A3956D46DE8}") = "CrtWebhookServiceBase", "CrtWebhookServiceBase", "{C5BD2EB7-250E-C51A-0F80-A7C2488299F4}"
EndProject
Project("{2150E333-8FDC-42A3-9474-1A3956D46DE8}") = "CSP", "CSP", "{C1307707-F12E-78A4-366B-68670753E97D}"
EndProject
Project("{2150E333-8FDC-42A3-9474-1A3956D46DE8}") = "FeatureToggling", "FeatureToggling", "{5EFF02A9-98AF-0A35-3074-BCE925771623}"
EndProject
Project("{2150E333-8FDC-42A3-9474-1A3956D46DE8}") = "Finesse", "Finesse", "{7E44A007-2D1C-AF09-6B35-E80AFB399CC6}"
EndProject
Project("{2150E333-8FDC-42A3-9474-1A3956D46DE8}") = "MLProcessDesigner", "MLProcessDesigner", "{6AB21B39-2C3D-47FD-ADB4-5EDDDB833254}"
EndProject
Project("{2150E333-8FDC-42A3-9474-1A3956D46DE8}") = "OpenIdAuth", "OpenIdAuth", "{541CB66F-BE24-BB0A-4BF7-61A3F2C80036}"
EndProject
Project("{2150E333-8FDC-42A3-9474-1A3956D46DE8}") = "SsoSettings", "SsoSettings", "{4C3855D9-575D-BEE4-537D-E565805A7032}"
EndProject
Project("{2150E333-8FDC-42A3-9474-1A3956D46DE8}") = "UsrYacht", "UsrYacht", "{C8CFF7C7-7BA9-701E-7F7C-3D660FB37398}"
EndProject
Project("{2150E333-8FDC-42A3-9474-1A3956D46DE8}") = "XSSProtection", "XSSProtection", "{170A6967-FC07-DEA8-89E9-33783D940DC2}"
EndProject
Project("{FAE04EC0-301F-11D3-BF4B-00C04F79EFBC}") = "CalendarBase", "CalendarBase\Files\CalendarBase.csproj", "{964EE110-91CE-EC64-022D-37DCAE21363A}"
EndProject
Project("{FAE04EC0-301F-11D3-BF4B-00C04F79EFBC}") = "CrtAIEmbedded", "CrtAIEmbedded\Files\CrtAIEmbedded.csproj", "{655CDFE8-6446-340A-6506-FB4316E16425}"
EndProject
Project("{FAE04EC0-301F-11D3-BF4B-00C04F79EFBC}") = "CrtBaseConsts", "CrtBaseConsts\Files\CrtBaseConsts.csproj", "{B18CA413-9F67-9917-7055-44C6E186E66D}"
EndProject
Project("{FAE04EC0-301F-11D3-BF4B-00C04F79EFBC}") = "CrtCalendar", "CrtCalendar\Files\CrtCalendar.csproj", "{84AFD72A-BD4B-0144-F608-68E2EA699E73}"
EndProject
Project("{FAE04EC0-301F-11D3-BF4B-00C04F79EFBC}") = "CrtCall", "CrtCall\Files\CrtCall.csproj", "{BB736975-12CA-E7B0-0992-492184DF98B3}"
EndProject
Project("{FAE04EC0-301F-11D3-BF4B-00C04F79EFBC}") = "CrtComponentCopilot", "CrtComponentCopilot\Files\CrtComponentCopilot.csproj", "{907D4163-3D9F-9319-186B-6BA14746C51F}"
EndProject
Project("{FAE04EC0-301F-11D3-BF4B-00C04F79EFBC}") = "CrtCopilot", "CrtCopilot\Files\CrtCopilot.csproj", "{AB7375A5-BED6-E796-34C7-51BD32FD343D}"
EndProject
Project("{FAE04EC0-301F-11D3-BF4B-00C04F79EFBC}") = "CrtCopilotStudio", "CrtCopilotStudio\Files\CrtCopilotStudio.csproj", "{5A7CFEC2-09BA-CAFE-D035-56C74E4CE461}"
EndProject
Project("{FAE04EC0-301F-11D3-BF4B-00C04F79EFBC}") = "CrtCore", "CrtCore\Files\CrtCore.csproj", "{B80B8562-AC32-30EB-9FEE-22B570A032CA}"
EndProject
Project("{FAE04EC0-301F-11D3-BF4B-00C04F79EFBC}") = "CrtCoreBase", "CrtCoreBase\Files\CrtCoreBase.csproj", "{AAEEACDB-B547-82C5-02BF-2DBC464C6EF5}"
EndProject
Project("{FAE04EC0-301F-11D3-BF4B-00C04F79EFBC}") = "CrtDataForge", "CrtDataForge\Files\CrtDataForge.csproj", "{FF373D66-B8A5-3B74-50AC-FC37B6DC9B77}"
EndProject
Project("{FAE04EC0-301F-11D3-BF4B-00C04F79EFBC}") = "CrtEmailSender", "CrtEmailSender\Files\CrtEmailSender.csproj", "{E8270392-A40D-71D6-5E1A-ADF079B0973A}"
EndProject
Project("{FAE04EC0-301F-11D3-BF4B-00C04F79EFBC}") = "CrtEmailTemplate", "CrtEmailTemplate\Files\CrtEmailTemplate.csproj", "{E51FF715-D844-18A2-9CD9-ED4CCB75CF27}"
EndProject
Project("{FAE04EC0-301F-11D3-BF4B-00C04F79EFBC}") = "CrtFeatureToggling", "CrtFeatureToggling\Files\CrtFeatureToggling.csproj", "{217D7BA1-457D-9E81-823A-B29CBD933292}"
EndProject
Project("{FAE04EC0-301F-11D3-BF4B-00C04F79EFBC}") = "CrtGeminiApiIntegraion", "CrtGeminiApiIntegraion\Files\CrtGeminiApiIntegraion.csproj", "{022C87C8-4E7A-2923-8A86-ABBE74D1E724}"
EndProject
Project("{FAE04EC0-301F-11D3-BF4B-00C04F79EFBC}") = "CrtMacrosBase", "CrtMacrosBase\Files\CrtMacrosBase.csproj", "{5794E2DF-1B6B-CBA7-3CA7-E19A21665353}"
EndProject
Project("{FAE04EC0-301F-11D3-BF4B-00C04F79EFBC}") = "CrtMessage", "CrtMessage\Files\CrtMessage.csproj", "{418F938E-39B4-8946-DAB5-0B78CD204E79}"
EndProject
Project("{FAE04EC0-301F-11D3-BF4B-00C04F79EFBC}") = "CrtML", "CrtML\Files\CrtML.csproj", "{A3E899A6-7A3B-143B-A66F-3793131FFE8D}"
EndProject
Project("{FAE04EC0-301F-11D3-BF4B-00C04F79EFBC}") = "CrtMLangContent", "CrtMLangContent\Files\CrtMLangContent.csproj", "{C061FFFE-4E8F-5C9F-BDC7-55990A32953C}"
EndProject
Project("{FAE04EC0-301F-11D3-BF4B-00C04F79EFBC}") = "CrtMobileFreedomUIStylesFor7x", "CrtMobileFreedomUIStylesFor7x\Files\CrtMobileFreedomUIStylesFor7x.csproj", "{35F9E383-6C42-9725-0A02-11D5395C926E}"
EndProject
Project("{FAE04EC0-301F-11D3-BF4B-00C04F79EFBC}") = "CrtNextStep", "CrtNextStep\Files\CrtNextStep.csproj", "{F21A6E78-E2C4-40F8-E402-5949EF9A84C5}"
EndProject
Project("{FAE04EC0-301F-11D3-BF4B-00C04F79EFBC}") = "CrtOmnichannelApp", "CrtOmnichannelApp\Files\CrtOmnichannelApp.csproj", "{AB85FC58-5124-8B0A-360D-A692FBD226F8}"
EndProject
Project("{FAE04EC0-301F-11D3-BF4B-00C04F79EFBC}") = "CrtProductivityApp", "CrtProductivityApp\Files\CrtProductivityApp.csproj", "{07D57A23-DC69-B76B-C7E9-549D29E0185E}"
EndProject
Project("{FAE04EC0-301F-11D3-BF4B-00C04F79EFBC}") = "CrtProductivityCopilot", "CrtProductivityCopilot\Files\CrtProductivityCopilot.csproj", "{0F136BE4-4160-5559-CBAE-BD611A59835A}"
EndProject
Project("{FAE04EC0-301F-11D3-BF4B-00C04F79EFBC}") = "CrtProductivityMobile", "CrtProductivityMobile\Files\CrtProductivityMobile.csproj", "{880FE2D0-C4A9-5FEF-5219-2008C7645807}"
EndProject
Project("{FAE04EC0-301F-11D3-BF4B-00C04F79EFBC}") = "CrtSecurity", "CrtSecurity\Files\CrtSecurity.csproj", "{A2846222-1726-DA31-650B-B16204A77749}"
EndProject
Project("{FAE04EC0-301F-11D3-BF4B-00C04F79EFBC}") = "CrtSecurity7x", "CrtSecurity7x\Files\CrtSecurity7x.csproj", "{99A5DB45-0D60-1D1D-FD26-F6659F778FCD}"
EndProject
Project("{FAE04EC0-301F-11D3-BF4B-00C04F79EFBC}") = "CrtSmsIntegration", "CrtSmsIntegration\Files\CrtSmsIntegration.csproj", "{F227EDAF-5189-02FD-E03E-1F5BEBA0ECC8}"
EndProject
Project("{FAE04EC0-301F-11D3-BF4B-00C04F79EFBC}") = "CrtSpecification", "CrtSpecification\Files\CrtSpecification.csproj", "{80743B0E-231C-6C7B-8159-542F9B42FB17}"
EndProject
Project("{FAE04EC0-301F-11D3-BF4B-00C04F79EFBC}") = "CrtStudioCopilot", "CrtStudioCopilot\Files\CrtStudioCopilot.csproj", "{7B4B8504-69F3-E1F1-A3F3-FBD6925AA4AA}"
EndProject
Project("{FAE04EC0-301F-11D3-BF4B-00C04F79EFBC}") = "CrtTechnicalUsers", "CrtTechnicalUsers\Files\CrtTechnicalUsers.csproj", "{01C36D5C-9DFF-F166-F718-2E94761B4122}"
EndProject
Project("{FAE04EC0-301F-11D3-BF4B-00C04F79EFBC}") = "CrtTechUserCreatioALMIntegration", "CrtTechUserCreatioALMIntegration\Files\CrtTechUserCreatioALMIntegration.csproj", "{D948440F-0D9B-4EC7-4B5D-20DC23C29117}"
EndProject
Project("{FAE04EC0-301F-11D3-BF4B-00C04F79EFBC}") = "CrtTechUserCreatioResKitUtility", "CrtTechUserCreatioResKitUtility\Files\CrtTechUserCreatioResKitUtility.csproj", "{2B544500-E9B7-C051-2C1A-D3FC4728B105}"
EndProject
Project("{FAE04EC0-301F-11D3-BF4B-00C04F79EFBC}") = "CrtTouchPointBase", "CrtTouchPointBase\Files\CrtTouchPointBase.csproj", "{24440EF8-EE3A-B37F-F32B-282C58890904}"
EndProject
Project("{FAE04EC0-301F-11D3-BF4B-00C04F79EFBC}") = "CrtTranslation", "CrtTranslation\Files\CrtTranslation.csproj", "{465F8E30-8A5A-6343-749A-2675749F21DB}"
EndProject
Project("{FAE04EC0-301F-11D3-BF4B-00C04F79EFBC}") = "CrtUIPlatform", "CrtUIPlatform\Files\CrtUIPlatform.csproj", "{B4CC3D75-4EFE-4AA7-70D6-E7389FEF636B}"
EndProject
Project("{FAE04EC0-301F-11D3-BF4B-00C04F79EFBC}") = "CrtUIPlatform7x", "CrtUIPlatform7x\Files\CrtUIPlatform7x.csproj", "{B5CD8F9E-1C1A-6F26-3CBD-00486DEDAFFD}"
EndProject
Project("{FAE04EC0-301F-11D3-BF4B-00C04F79EFBC}") = "CrtUISwitcher", "CrtUISwitcher\Files\CrtUISwitcher.csproj", "{3B8DC658-2275-E4FC-D382-63BA2C3340C8}"
EndProject
Project("{FAE04EC0-301F-11D3-BF4B-00C04F79EFBC}") = "CrtUserLevelSchema", "CrtUserLevelSchema\Files\CrtUserLevelSchema.csproj", "{5600B91B-7526-195F-266B-66F0190C4C8E}"
EndProject
Project("{FAE04EC0-301F-11D3-BF4B-00C04F79EFBC}") = "CrtWebFarm", "CrtWebFarm\Files\CrtWebFarm.csproj", "{3EE6475F-A2A1-39BC-9C34-433526CA6F9A}"
EndProject
Project("{FAE04EC0-301F-11D3-BF4B-00C04F79EFBC}") = "CrtWebFormBase", "CrtWebFormBase\Files\CrtWebFormBase.csproj", "{F2273CBF-F424-409F-621D-C6D96808E0A6}"
EndProject
Project("{FAE04EC0-301F-11D3-BF4B-00C04F79EFBC}") = "CrtWebhookServiceBase", "CrtWebhookServiceBase\Files\CrtWebhookServiceBase.csproj", "{84BC9275-643B-ECEE-CFD7-E37F41739873}"
EndProject
Project("{FAE04EC0-301F-11D3-BF4B-00C04F79EFBC}") = "CSP", "CSP\Files\CSP.csproj", "{E4FCEC30-C4B0-0BE3-BEB4-4F4A18D2C5C3}"
EndProject
Project("{FAE04EC0-301F-11D3-BF4B-00C04F79EFBC}") = "FeatureToggling", "FeatureToggling\Files\FeatureToggling.csproj", "{7176AE6D-D3C8-3D2C-0C5B-6E7AAF4F4016}"
EndProject
Project("{FAE04EC0-301F-11D3-BF4B-00C04F79EFBC}") = "Finesse", "Finesse\Files\Finesse.csproj", "{13E8CD3C-F8E6-AC64-0B4C-A6D98485114D}"
EndProject
Project("{FAE04EC0-301F-11D3-BF4B-00C04F79EFBC}") = "MLProcessDesigner", "MLProcessDesigner\Files\MLProcessDesigner.csproj", "{D34E5CE4-5B76-7090-9D2D-A3D5EF360107}"
EndProject
Project("{FAE04EC0-301F-11D3-BF4B-00C04F79EFBC}") = "OpenIdAuth", "OpenIdAuth\Files\OpenIdAuth.csproj", "{E0B7CAEF-9E21-B2BA-4583-C844BAB00579}"
EndProject
Project("{FAE04EC0-301F-11D3-BF4B-00C04F79EFBC}") = "SsoSettings", "SsoSettings\Files\SsoSettings.csproj", "{C3D05BB2-AF0C-A165-0916-5BFB70E537AB}"
EndProject
Project("{FAE04EC0-301F-11D3-BF4B-00C04F79EFBC}") = "UsrYacht", "UsrYacht\Files\UsrYacht.csproj", "{12A4965C-2E04-21B6-F12C-F280D65AA53D}"
EndProject
Project("{FAE04EC0-301F-11D3-BF4B-00C04F79EFBC}") = "XSSProtection", "XSSProtection\Files\XSSProtection.csproj", "{85CF913F-F9A3-38CE-A05E-098F48748ACC}"
EndProject
Global
	GlobalSection(SolutionConfigurationPlatforms) = preSolution
		Debug|Any CPU = Debug|Any CPU
		Release|Any CPU = Release|Any CPU
	EndGlobalSection
	GlobalSection(ProjectConfigurationPlatforms) = postSolution
		{964EE110-91CE-EC64-022D-37DCAE21363A}.Debug|Any CPU.ActiveCfg = Debug|Any CPU
		{964EE110-91CE-EC64-022D-37DCAE21363A}.Debug|Any CPU.Build.0 = Debug|Any CPU
		{964EE110-91CE-EC64-022D-37DCAE21363A}.Release|Any CPU.ActiveCfg = Release|Any CPU
		{964EE110-91CE-EC64-022D-37DCAE21363A}.Release|Any CPU.Build.0 = Release|Any CPU
		{655CDFE8-6446-340A-6506-FB4316E16425}.Debug|Any CPU.ActiveCfg = Debug|Any CPU
		{655CDFE8-6446-340A-6506-FB4316E16425}.Debug|Any CPU.Build.0 = Debug|Any CPU
		{655CDFE8-6446-340A-6506-FB4316E16425}.Release|Any CPU.ActiveCfg = Release|Any CPU
		{655CDFE8-6446-340A-6506-FB4316E16425}.Release|Any CPU.Build.0 = Release|Any CPU
		{B18CA413-9F67-9917-7055-44C6E186E66D}.Debug|Any CPU.ActiveCfg = Debug|Any CPU
		{B18CA413-9F67-9917-7055-44C6E186E66D}.Debug|Any CPU.Build.0 = Debug|Any CPU
		{B18CA413-9F67-9917-7055-44C6E186E66D}.Release|Any CPU.ActiveCfg = Release|Any CPU
		{B18CA413-9F67-9917-7055-44C6E186E66D}.Release|Any CPU.Build.0 = Release|Any CPU
		{84AFD72A-BD4B-0144-F608-68E2EA699E73}.Debug|Any CPU.ActiveCfg = Debug|Any CPU
		{84AFD72A-BD4B-0144-F608-68E2EA699E73}.Debug|Any CPU.Build.0 = Debug|Any CPU
		{84AFD72A-BD4B-0144-F608-68E2EA699E73}.Release|Any CPU.ActiveCfg = Release|Any CPU
		{84AFD72A-BD4B-0144-F608-68E2EA699E73}.Release|Any CPU.Build.0 = Release|Any CPU
		{BB736975-12CA-E7B0-0992-492184DF98B3}.Debug|Any CPU.ActiveCfg = Debug|Any CPU
		{BB736975-12CA-E7B0-0992-492184DF98B3}.Debug|Any CPU.Build.0 = Debug|Any CPU
		{BB736975-12CA-E7B0-0992-492184DF98B3}.Release|Any CPU.ActiveCfg = Release|Any CPU
		{BB736975-12CA-E7B0-0992-492184DF98B3}.Release|Any CPU.Build.0 = Release|Any CPU
		{907D4163-3D9F-9319-186B-6BA14746C51F}.Debug|Any CPU.ActiveCfg = Debug|Any CPU
		{907D4163-3D9F-9319-186B-6BA14746C51F}.Debug|Any CPU.Build.0 = Debug|Any CPU
		{907D4163-3D9F-9319-186B-6BA14746C51F}.Release|Any CPU.ActiveCfg = Release|Any CPU
		{907D4163-3D9F-9319-186B-6BA14746C51F}.Release|Any CPU.Build.0 = Release|Any CPU
		{AB7375A5-BED6-E796-34C7-51BD32FD343D}.Debug|Any CPU.ActiveCfg = Debug|Any CPU
		{AB7375A5-BED6-E796-34C7-51BD32FD343D}.Debug|Any CPU.Build.0 = Debug|Any CPU
		{AB7375A5-BED6-E796-34C7-51BD32FD343D}.Release|Any CPU.ActiveCfg = Release|Any CPU
		{AB7375A5-BED6-E796-34C7-51BD32FD343D}.Release|Any CPU.Build.0 = Release|Any CPU
		{5A7CFEC2-09BA-CAFE-D035-56C74E4CE461}.Debug|Any CPU.ActiveCfg = Debug|Any CPU
		{5A7CFEC2-09BA-CAFE-D035-56C74E4CE461}.Debug|Any CPU.Build.0 = Debug|Any CPU
		{5A7CFEC2-09BA-CAFE-D035-56C74E4CE461}.Release|Any CPU.ActiveCfg = Release|Any CPU
		{5A7CFEC2-09BA-CAFE-D035-56C74E4CE461}.Release|Any CPU.Build.0 = Release|Any CPU
		{B80B8562-AC32-30EB-9FEE-22B570A032CA}.Debug|Any CPU.ActiveCfg = Debug|Any CPU
		{B80B8562-AC32-30EB-9FEE-22B570A032CA}.Debug|Any CPU.Build.0 = Debug|Any CPU
		{B80B8562-AC32-30EB-9FEE-22B570A032CA}.Release|Any CPU.ActiveCfg = Release|Any CPU
		{B80B8562-AC32-30EB-9FEE-22B570A032CA}.Release|Any CPU.Build.0 = Release|Any CPU
		{AAEEACDB-B547-82C5-02BF-2DBC464C6EF5}.Debug|Any CPU.ActiveCfg = Debug|Any CPU
		{AAEEACDB-B547-82C5-02BF-2DBC464C6EF5}.Debug|Any CPU.Build.0 = Debug|Any CPU
		{AAEEACDB-B547-82C5-02BF-2DBC464C6EF5}.Release|Any CPU.ActiveCfg = Release|Any CPU
		{AAEEACDB-B547-82C5-02BF-2DBC464C6EF5}.Release|Any CPU.Build.0 = Release|Any CPU
		{FF373D66-B8A5-3B74-50AC-FC37B6DC9B77}.Debug|Any CPU.ActiveCfg = Debug|Any CPU
		{FF373D66-B8A5-3B74-50AC-FC37B6DC9B77}.Debug|Any CPU.Build.0 = Debug|Any CPU
		{FF373D66-B8A5-3B74-50AC-FC37B6DC9B77}.Release|Any CPU.ActiveCfg = Release|Any CPU
		{FF373D66-B8A5-3B74-50AC-FC37B6DC9B77}.Release|Any CPU.Build.0 = Release|Any CPU
		{E8270392-A40D-71D6-5E1A-ADF079B0973A}.Debug|Any CPU.ActiveCfg = Debug|Any CPU
		{E8270392-A40D-71D6-5E1A-ADF079B0973A}.Debug|Any CPU.Build.0 = Debug|Any CPU
		{E8270392-A40D-71D6-5E1A-ADF079B0973A}.Release|Any CPU.ActiveCfg = Release|Any CPU
		{E8270392-A40D-71D6-5E1A-ADF079B0973A}.Release|Any CPU.Build.0 = Release|Any CPU
		{E51FF715-D844-18A2-9CD9-ED4CCB75CF27}.Debug|Any CPU.ActiveCfg = Debug|Any CPU
		{E51FF715-D844-18A2-9CD9-ED4CCB75CF27}.Debug|Any CPU.Build.0 = Debug|Any CPU
		{E51FF715-D844-18A2-9CD9-ED4CCB75CF27}.Release|Any CPU.ActiveCfg = Release|Any CPU
		{E51FF715-D844-18A2-9CD9-ED4CCB75CF27}.Release|Any CPU.Build.0 = Release|Any CPU
		{217D7BA1-457D-9E81-823A-B29CBD933292}.Debug|Any CPU.ActiveCfg = Debug|Any CPU
		{217D7BA1-457D-9E81-823A-B29CBD933292}.Debug|Any CPU.Build.0 = Debug|Any CPU
		{217D7BA1-457D-9E81-823A-B29CBD933292}.Release|Any CPU.ActiveCfg = Release|Any CPU
		{217D7BA1-457D-9E81-823A-B29CBD933292}.Release|Any CPU.Build.0 = Release|Any CPU
		{022C87C8-4E7A-2923-8A86-ABBE74D1E724}.Debug|Any CPU.ActiveCfg = Debug|Any CPU
		{022C87C8-4E7A-2923-8A86-ABBE74D1E724}.Debug|Any CPU.Build.0 = Debug|Any CPU
		{022C87C8-4E7A-2923-8A86-ABBE74D1E724}.Release|Any CPU.ActiveCfg = Release|Any CPU
		{022C87C8-4E7A-2923-8A86-ABBE74D1E724}.Release|Any CPU.Build.0 = Release|Any CPU
		{5794E2DF-1B6B-CBA7-3CA7-E19A21665353}.Debug|Any CPU.ActiveCfg = Debug|Any CPU
		{5794E2DF-1B6B-CBA7-3CA7-E19A21665353}.Debug|Any CPU.Build.0 = Debug|Any CPU
		{5794E2DF-1B6B-CBA7-3CA7-E19A21665353}.Release|Any CPU.ActiveCfg = Release|Any CPU
		{5794E2DF-1B6B-CBA7-3CA7-E19A21665353}.Release|Any CPU.Build.0 = Release|Any CPU
		{418F938E-39B4-8946-DAB5-0B78CD204E79}.Debug|Any CPU.ActiveCfg = Debug|Any CPU
		{418F938E-39B4-8946-DAB5-0B78CD204E79}.Debug|Any CPU.Build.0 = Debug|Any CPU
		{418F938E-39B4-8946-DAB5-0B78CD204E79}.Release|Any CPU.ActiveCfg = Release|Any CPU
		{418F938E-39B4-8946-DAB5-0B78CD204E79}.Release|Any CPU.Build.0 = Release|Any CPU
		{A3E899A6-7A3B-143B-A66F-3793131FFE8D}.Debug|Any CPU.ActiveCfg = Debug|Any CPU
		{A3E899A6-7A3B-143B-A66F-3793131FFE8D}.Debug|Any CPU.Build.0 = Debug|Any CPU
		{A3E899A6-7A3B-143B-A66F-3793131FFE8D}.Release|Any CPU.ActiveCfg = Release|Any CPU
		{A3E899A6-7A3B-143B-A66F-3793131FFE8D}.Release|Any CPU.Build.0 = Release|Any CPU
		{C061FFFE-4E8F-5C9F-BDC7-55990A32953C}.Debug|Any CPU.ActiveCfg = Debug|Any CPU
		{C061FFFE-4E8F-5C9F-BDC7-55990A32953C}.Debug|Any CPU.Build.0 = Debug|Any CPU
		{C061FFFE-4E8F-5C9F-BDC7-55990A32953C}.Release|Any CPU.ActiveCfg = Release|Any CPU
		{C061FFFE-4E8F-5C9F-BDC7-55990A32953C}.Release|Any CPU.Build.0 = Release|Any CPU
		{35F9E383-6C42-9725-0A02-11D5395C926E}.Debug|Any CPU.ActiveCfg = Debug|Any CPU
		{35F9E383-6C42-9725-0A02-11D5395C926E}.Debug|Any CPU.Build.0 = Debug|Any CPU
		{35F9E383-6C42-9725-0A02-11D5395C926E}.Release|Any CPU.ActiveCfg = Release|Any CPU
		{35F9E383-6C42-9725-0A02-11D5395C926E}.Release|Any CPU.Build.0 = Release|Any CPU
		{F21A6E78-E2C4-40F8-E402-5949EF9A84C5}.Debug|Any CPU.ActiveCfg = Debug|Any CPU
		{F21A6E78-E2C4-40F8-E402-5949EF9A84C5}.Debug|Any CPU.Build.0 = Debug|Any CPU
		{F21A6E78-E2C4-40F8-E402-5949EF9A84C5}.Release|Any CPU.ActiveCfg = Release|Any CPU
		{F21A6E78-E2C4-40F8-E402-5949EF9A84C5}.Release|Any CPU.Build.0 = Release|Any CPU
		{AB85FC58-5124-8B0A-360D-A692FBD226F8}.Debug|Any CPU.ActiveCfg = Debug|Any CPU
		{AB85FC58-5124-8B0A-360D-A692FBD226F8}.Debug|Any CPU.Build.0 = Debug|Any CPU
		{AB85FC58-5124-8B0A-360D-A692FBD226F8}.Release|Any CPU.ActiveCfg = Release|Any CPU
		{AB85FC58-5124-8B0A-360D-A692FBD226F8}.Release|Any CPU.Build.0 = Release|Any CPU
		{07D57A23-DC69-B76B-C7E9-549D29E0185E}.Debug|Any CPU.ActiveCfg = Debug|Any CPU
		{07D57A23-DC69-B76B-C7E9-549D29E0185E}.Debug|Any CPU.Build.0 = Debug|Any CPU
		{07D57A23-DC69-B76B-C7E9-549D29E0185E}.Release|Any CPU.ActiveCfg = Release|Any CPU
		{07D57A23-DC69-B76B-C7E9-549D29E0185E}.Release|Any CPU.Build.0 = Release|Any CPU
		{0F136BE4-4160-5559-CBAE-BD611A59835A}.Debug|Any CPU.ActiveCfg = Debug|Any CPU
		{0F136BE4-4160-5559-CBAE-BD611A59835A}.Debug|Any CPU.Build.0 = Debug|Any CPU
		{0F136BE4-4160-5559-CBAE-BD611A59835A}.Release|Any CPU.ActiveCfg = Release|Any CPU
		{0F136BE4-4160-5559-CBAE-BD611A59835A}.Release|Any CPU.Build.0 = Release|Any CPU
		{880FE2D0-C4A9-5FEF-5219-2008C7645807}.Debug|Any CPU.ActiveCfg = Debug|Any CPU
		{880FE2D0-C4A9-5FEF-5219-2008C7645807}.Debug|Any CPU.Build.0 = Debug|Any CPU
		{880FE2D0-C4A9-5FEF-5219-2008C7645807}.Release|Any CPU.ActiveCfg = Release|Any CPU
		{880FE2D0-C4A9-5FEF-5219-2008C7645807}.Release|Any CPU.Build.0 = Release|Any CPU
		{A2846222-1726-DA31-650B-B16204A77749}.Debug|Any CPU.ActiveCfg = Debug|Any CPU
		{A2846222-1726-DA31-650B-B16204A77749}.Debug|Any CPU.Build.0 = Debug|Any CPU
		{A2846222-1726-DA31-650B-B16204A77749}.Release|Any CPU.ActiveCfg = Release|Any CPU
		{A2846222-1726-DA31-650B-B16204A77749}.Release|Any CPU.Build.0 = Release|Any CPU
		{99A5DB45-0D60-1D1D-FD26-F6659F778FCD}.Debug|Any CPU.ActiveCfg = Debug|Any CPU
		{99A5DB45-0D60-1D1D-FD26-F6659F778FCD}.Debug|Any CPU.Build.0 = Debug|Any CPU
		{99A5DB45-0D60-1D1D-FD26-F6659F778FCD}.Release|Any CPU.ActiveCfg = Release|Any CPU
		{99A5DB45-0D60-1D1D-FD26-F6659F778FCD}.Release|Any CPU.Build.0 = Release|Any CPU
		{F227EDAF-5189-02FD-E03E-1F5BEBA0ECC8}.Debug|Any CPU.ActiveCfg = Debug|Any CPU
		{F227EDAF-5189-02FD-E03E-1F5BEBA0ECC8}.Debug|Any CPU.Build.0 = Debug|Any CPU
		{F227EDAF-5189-02FD-E03E-1F5BEBA0ECC8}.Release|Any CPU.ActiveCfg = Release|Any CPU
		{F227EDAF-5189-02FD-E03E-1F5BEBA0ECC8}.Release|Any CPU.Build.0 = Release|Any CPU
		{80743B0E-231C-6C7B-8159-542F9B42FB17}.Debug|Any CPU.ActiveCfg = Debug|Any CPU
		{80743B0E-231C-6C7B-8159-542F9B42FB17}.Debug|Any CPU.Build.0 = Debug|Any CPU
		{80743B0E-231C-6C7B-8159-542F9B42FB17}.Release|Any CPU.ActiveCfg = Release|Any CPU
		{80743B0E-231C-6C7B-8159-542F9B42FB17}.Release|Any CPU.Build.0 = Release|Any CPU
		{7B4B8504-69F3-E1F1-A3F3-FBD6925AA4AA}.Debug|Any CPU.ActiveCfg = Debug|Any CPU
		{7B4B8504-69F3-E1F1-A3F3-FBD6925AA4AA}.Debug|Any CPU.Build.0 = Debug|Any CPU
		{7B4B8504-69F3-E1F1-A3F3-FBD6925AA4AA}.Release|Any CPU.ActiveCfg = Release|Any CPU
		{7B4B8504-69F3-E1F1-A3F3-FBD6925AA4AA}.Release|Any CPU.Build.0 = Release|Any CPU
		{01C36D5C-9DFF-F166-F718-2E94761B4122}.Debug|Any CPU.ActiveCfg = Debug|Any CPU
		{01C36D5C-9DFF-F166-F718-2E94761B4122}.Debug|Any CPU.Build.0 = Debug|Any CPU
		{01C36D5C-9DFF-F166-F718-2E94761B4122}.Release|Any CPU.ActiveCfg = Release|Any CPU
		{01C36D5C-9DFF-F166-F718-2E94761B4122}.Release|Any CPU.Build.0 = Release|Any CPU
		{D948440F-0D9B-4EC7-4B5D-20DC23C29117}.Debug|Any CPU.ActiveCfg = Debug|Any CPU
		{D948440F-0D9B-4EC7-4B5D-20DC23C29117}.Debug|Any CPU.Build.0 = Debug|Any CPU
		{D948440F-0D9B-4EC7-4B5D-20DC23C29117}.Release|Any CPU.ActiveCfg = Release|Any CPU
		{D948440F-0D9B-4EC7-4B5D-20DC23C29117}.Release|Any CPU.Build.0 = Release|Any CPU
		{2B544500-E9B7-C051-2C1A-D3FC4728B105}.Debug|Any CPU.ActiveCfg = Debug|Any CPU
		{2B544500-E9B7-C051-2C1A-D3FC4728B105}.Debug|Any CPU.Build.0 = Debug|Any CPU
		{2B544500-E9B7-C051-2C1A-D3FC4728B105}.Release|Any CPU.ActiveCfg = Release|Any CPU
		{2B544500-E9B7-C051-2C1A-D3FC4728B105}.Release|Any CPU.Build.0 = Release|Any CPU
		{24440EF8-EE3A-B37F-F32B-282C58890904}.Debug|Any CPU.ActiveCfg = Debug|Any CPU
		{24440EF8-EE3A-B37F-F32B-282C58890904}.Debug|Any CPU.Build.0 = Debug|Any CPU
		{24440EF8-EE3A-B37F-F32B-282C58890904}.Release|Any CPU.ActiveCfg = Release|Any CPU
		{24440EF8-EE3A-B37F-F32B-282C58890904}.Release|Any CPU.Build.0 = Release|Any CPU
		{465F8E30-8A5A-6343-749A-2675749F21DB}.Debug|Any CPU.ActiveCfg = Debug|Any CPU
		{465F8E30-8A5A-6343-749A-2675749F21DB}.Debug|Any CPU.Build.0 = Debug|Any CPU
		{465F8E30-8A5A-6343-749A-2675749F21DB}.Release|Any CPU.ActiveCfg = Release|Any CPU
		{465F8E30-8A5A-6343-749A-2675749F21DB}.Release|Any CPU.Build.0 = Release|Any CPU
		{B4CC3D75-4EFE-4AA7-70D6-E7389FEF636B}.Debug|Any CPU.ActiveCfg = Debug|Any CPU
		{B4CC3D75-4EFE-4AA7-70D6-E7389FEF636B}.Debug|Any CPU.Build.0 = Debug|Any CPU
		{B4CC3D75-4EFE-4AA7-70D6-E7389FEF636B}.Release|Any CPU.ActiveCfg = Release|Any CPU
		{B4CC3D75-4EFE-4AA7-70D6-E7389FEF636B}.Release|Any CPU.Build.0 = Release|Any CPU
		{B5CD8F9E-1C1A-6F26-3CBD-00486DEDAFFD}.Debug|Any CPU.ActiveCfg = Debug|Any CPU
		{B5CD8F9E-1C1A-6F26-3CBD-00486DEDAFFD}.Debug|Any CPU.Build.0 = Debug|Any CPU
		{B5CD8F9E-1C1A-6F26-3CBD-00486DEDAFFD}.Release|Any CPU.ActiveCfg = Release|Any CPU
		{B5CD8F9E-1C1A-6F26-3CBD-00486DEDAFFD}.Release|Any CPU.Build.0 = Release|Any CPU
		{3B8DC658-2275-E4FC-D382-63BA2C3340C8}.Debug|Any CPU.ActiveCfg = Debug|Any CPU
		{3B8DC658-2275-E4FC-D382-63BA2C3340C8}.Debug|Any CPU.Build.0 = Debug|Any CPU
		{3B8DC658-2275-E4FC-D382-63BA2C3340C8}.Release|Any CPU.ActiveCfg = Release|Any CPU
		{3B8DC658-2275-E4FC-D382-63BA2C3340C8}.Release|Any CPU.Build.0 = Release|Any CPU
		{5600B91B-7526-195F-266B-66F0190C4C8E}.Debug|Any CPU.ActiveCfg = Debug|Any CPU
		{5600B91B-7526-195F-266B-66F0190C4C8E}.Debug|Any CPU.Build.0 = Debug|Any CPU
		{5600B91B-7526-195F-266B-66F0190C4C8E}.Release|Any CPU.ActiveCfg = Release|Any CPU
		{5600B91B-7526-195F-266B-66F0190C4C8E}.Release|Any CPU.Build.0 = Release|Any CPU
		{3EE6475F-A2A1-39BC-9C34-433526CA6F9A}.Debug|Any CPU.ActiveCfg = Debug|Any CPU
		{3EE6475F-A2A1-39BC-9C34-433526CA6F9A}.Debug|Any CPU.Build.0 = Debug|Any CPU
		{3EE6475F-A2A1-39BC-9C34-433526CA6F9A}.Release|Any CPU.ActiveCfg = Release|Any CPU
		{3EE6475F-A2A1-39BC-9C34-433526CA6F9A}.Release|Any CPU.Build.0 = Release|Any CPU
		{F2273CBF-F424-409F-621D-C6D96808E0A6}.Debug|Any CPU.ActiveCfg = Debug|Any CPU
		{F2273CBF-F424-409F-621D-C6D96808E0A6}.Debug|Any CPU.Build.0 = Debug|Any CPU
		{F2273CBF-F424-409F-621D-C6D96808E0A6}.Release|Any CPU.ActiveCfg = Release|Any CPU
		{F2273CBF-F424-409F-621D-C6D96808E0A6}.Release|Any CPU.Build.0 = Release|Any CPU
		{84BC9275-643B-ECEE-CFD7-E37F41739873}.Debug|Any CPU.ActiveCfg = Debug|Any CPU
		{84BC9275-643B-ECEE-CFD7-E37F41739873}.Debug|Any CPU.Build.0 = Debug|Any CPU
		{84BC9275-643B-ECEE-CFD7-E37F41739873}.Release|Any CPU.ActiveCfg = Release|Any CPU
		{84BC9275-643B-ECEE-CFD7-E37F41739873}.Release|Any CPU.Build.0 = Release|Any CPU
		{E4FCEC30-C4B0-0BE3-BEB4-4F4A18D2C5C3}.Debug|Any CPU.ActiveCfg = Debug|Any CPU
		{E4FCEC30-C4B0-0BE3-BEB4-4F4A18D2C5C3}.Debug|Any CPU.Build.0 = Debug|Any CPU
		{E4FCEC30-C4B0-0BE3-BEB4-4F4A18D2C5C3}.Release|Any CPU.ActiveCfg = Release|Any CPU
		{E4FCEC30-C4B0-0BE3-BEB4-4F4A18D2C5C3}.Release|Any CPU.Build.0 = Release|Any CPU
		{7176AE6D-D3C8-3D2C-0C5B-6E7AAF4F4016}.Debug|Any CPU.ActiveCfg = Debug|Any CPU
		{7176AE6D-D3C8-3D2C-0C5B-6E7AAF4F4016}.Debug|Any CPU.Build.0 = Debug|Any CPU
		{7176AE6D-D3C8-3D2C-0C5B-6E7AAF4F4016}.Release|Any CPU.ActiveCfg = Release|Any CPU
		{7176AE6D-D3C8-3D2C-0C5B-6E7AAF4F4016}.Release|Any CPU.Build.0 = Release|Any CPU
		{13E8CD3C-F8E6-AC64-0B4C-A6D98485114D}.Debug|Any CPU.ActiveCfg = Debug|Any CPU
		{13E8CD3C-F8E6-AC64-0B4C-A6D98485114D}.Debug|Any CPU.Build.0 = Debug|Any CPU
		{13E8CD3C-F8E6-AC64-0B4C-A6D98485114D}.Release|Any CPU.ActiveCfg = Release|Any CPU
		{13E8CD3C-F8E6-AC64-0B4C-A6D98485114D}.Release|Any CPU.Build.0 = Release|Any CPU
		{D34E5CE4-5B76-7090-9D2D-A3D5EF360107}.Debug|Any CPU.ActiveCfg = Debug|Any CPU
		{D34E5CE4-5B76-7090-9D2D-A3D5EF360107}.Debug|Any CPU.Build.0 = Debug|Any CPU
		{D34E5CE4-5B76-7090-9D2D-A3D5EF360107}.Release|Any CPU.ActiveCfg = Release|Any CPU
		{D34E5CE4-5B76-7090-9D2D-A3D5EF360107}.Release|Any CPU.Build.0 = Release|Any CPU
		{E0B7CAEF-9E21-B2BA-4583-C844BAB00579}.Debug|Any CPU.ActiveCfg = Debug|Any CPU
		{E0B7CAEF-9E21-B2BA-4583-C844BAB00579}.Debug|Any CPU.Build.0 = Debug|Any CPU
		{E0B7CAEF-9E21-B2BA-4583-C844BAB00579}.Release|Any CPU.ActiveCfg = Release|Any CPU
		{E0B7CAEF-9E21-B2BA-4583-C844BAB00579}.Release|Any CPU.Build.0 = Release|Any CPU
		{C3D05BB2-AF0C-A165-0916-5BFB70E537AB}.Debug|Any CPU.ActiveCfg = Debug|Any CPU
		{C3D05BB2-AF0C-A165-0916-5BFB70E537AB}.Debug|Any CPU.Build.0 = Debug|Any CPU
		{C3D05BB2-AF0C-A165-0916-5BFB70E537AB}.Release|Any CPU.ActiveCfg = Release|Any CPU
		{C3D05BB2-AF0C-A165-0916-5BFB70E537AB}.Release|Any CPU.Build.0 = Release|Any CPU
		{12A4965C-2E04-21B6-F12C-F280D65AA53D}.Debug|Any CPU.ActiveCfg = Debug|Any CPU
		{12A4965C-2E04-21B6-F12C-F280D65AA53D}.Debug|Any CPU.Build.0 = Debug|Any CPU
		{12A4965C-2E04-21B6-F12C-F280D65AA53D}.Release|Any CPU.ActiveCfg = Release|Any CPU
		{12A4965C-2E04-21B6-F12C-F280D65AA53D}.Release|Any CPU.Build.0 = Release|Any CPU
		{85CF913F-F9A3-38CE-A05E-098F48748ACC}.Debug|Any CPU.ActiveCfg = Debug|Any CPU
		{85CF913F-F9A3-38CE-A05E-098F48748ACC}.Debug|Any CPU.Build.0 = Debug|Any CPU
		{85CF913F-F9A3-38CE-A05E-098F48748ACC}.Release|Any CPU.ActiveCfg = Release|Any CPU
		{85CF913F-F9A3-38CE-A05E-098F48748ACC}.Release|Any CPU.Build.0 = Release|Any CPU
	EndGlobalSection
	GlobalSection(SolutionProperties) = preSolution
		HideSolutionNode = FALSE
	EndGlobalSection
	GlobalSection(NestedProjects) = preSolution
		{964EE110-91CE-EC64-022D-37DCAE21363A} = {64204D96-D74E-C3E6-A3F3-C6ADEF9B75BB}
		{655CDFE8-6446-340A-6506-FB4316E16425} = {AB19B454-EE86-775E-AECA-0EAE6E131B0E}
		{B18CA413-9F67-9917-7055-44C6E186E66D} = {7E337478-8084-64A8-2E74-B1895AC8F673}
		{84AFD72A-BD4B-0144-F608-68E2EA699E73} = {528E5DFE-C1E2-32F6-8ACA-BB26EF853963}
		{BB736975-12CA-E7B0-0992-492184DF98B3} = {3753AE4E-E756-CE2F-AE09-E1127942A8B5}
		{907D4163-3D9F-9319-186B-6BA14746C51F} = {C6AFB396-2C26-EA9C-EF48-C9633202F2F1}
		{AB7375A5-BED6-E796-34C7-51BD32FD343D} = {939B897F-04C7-796E-CA17-38ADA71712A7}
		{5A7CFEC2-09BA-CAFE-D035-56C74E4CE461} = {6F59656A-A2CE-40AC-139A-F218F3AA89DA}
		{B80B8562-AC32-30EB-9FEE-22B570A032CA} = {69DE3606-E6BD-F908-5CD8-DB4CD6952042}
		{AAEEACDB-B547-82C5-02BF-2DBC464C6EF5} = {22321AFD-43CB-9463-DBE5-9CB7D2ACDDFD}
		{FF373D66-B8A5-3B74-50AC-FC37B6DC9B77} = {B941F4C1-7881-1E8C-81BD-3F4EE25A1AB4}
		{E8270392-A40D-71D6-5E1A-ADF079B0973A} = {1FCE5EA6-6928-5B05-C03E-2477F1C8D27E}
		{E51FF715-D844-18A2-9CD9-ED4CCB75CF27} = {5351715B-EA71-BD9D-D846-76D50D2BED42}
		{217D7BA1-457D-9E81-823A-B29CBD933292} = {C0A7D064-6B1B-47D0-1FB3-EAEE58543DFD}
		{022C87C8-4E7A-2923-8A86-ABBE74D1E724} = {E1A66106-80F6-7E2D-43F7-5A5A56856B59}
		{5794E2DF-1B6B-CBA7-3CA7-E19A21665353} = {A63355A9-4A03-005D-7BC2-2A75F4EB31B7}
		{418F938E-39B4-8946-DAB5-0B78CD204E79} = {31375D20-00DD-78EC-A1AD-D9DDAC7D8CE7}
		{A3E899A6-7A3B-143B-A66F-3793131FFE8D} = {C6A85FD3-31CC-D670-0EF7-1AD49DB0CD3A}
		{C061FFFE-4E8F-5C9F-BDC7-55990A32953C} = {C71217C3-4AB3-B5BB-B091-3FEDD0227852}
		{35F9E383-6C42-9725-0A02-11D5395C926E} = {AF0508E9-07DD-7EE9-7B00-B2F9016B7F1F}
		{F21A6E78-E2C4-40F8-E402-5949EF9A84C5} = {24286450-5083-9283-75A7-E6CC9BE46900}
		{AB85FC58-5124-8B0A-360D-A692FBD226F8} = {760DE0A9-FDC5-6E0B-1A19-62C99A90565A}
		{07D57A23-DC69-B76B-C7E9-549D29E0185E} = {55BB4B61-A46D-CA15-B656-41E74403A653}
		{0F136BE4-4160-5559-CBAE-BD611A59835A} = {D88CDF77-CF44-0C4F-1E22-2145FFED0E3B}
		{880FE2D0-C4A9-5FEF-5219-2008C7645807} = {487BC188-79EA-5012-127D-33ED91D43D82}
		{A2846222-1726-DA31-650B-B16204A77749} = {CF79F503-2F82-D302-04BC-ABD55F92A49F}
		{99A5DB45-0D60-1D1D-FD26-F6659F778FCD} = {5E547B37-1820-3748-C2C7-0C23319EB2F2}
		{F227EDAF-5189-02FD-E03E-1F5BEBA0ECC8} = {EF50D627-C5D3-DF95-3935-50B9AEB53C8F}
		{80743B0E-231C-6C7B-8159-542F9B42FB17} = {24D6DC4E-7459-3CFD-6A1A-214406FBE033}
		{7B4B8504-69F3-E1F1-A3F3-FBD6925AA4AA} = {7759BF99-1614-5E2F-1928-7A31F59AB9F3}
		{01C36D5C-9DFF-F166-F718-2E94761B4122} = {30F230F9-9CD8-AD2B-B61A-74DB333B8CD8}
		{D948440F-0D9B-4EC7-4B5D-20DC23C29117} = {E2C4535A-067B-5517-717F-1B3BF4C4ADFA}
		{2B544500-E9B7-C051-2C1A-D3FC4728B105} = {CC3F70A2-6C4B-C760-BFF0-138B57CC89A5}
		{24440EF8-EE3A-B37F-F32B-282C58890904} = {D3B84E0D-C29D-F305-249F-6EE7B899BA42}
		{465F8E30-8A5A-6343-749A-2675749F21DB} = {35233925-EC5A-C141-BC10-1A794EA0270B}
		{B4CC3D75-4EFE-4AA7-70D6-E7389FEF636B} = {137D456D-3D1E-976D-398D-DA5F2C7915F6}
		{B5CD8F9E-1C1A-6F26-3CBD-00486DEDAFFD} = {A7139698-1572-8066-A9C6-182001682C22}
		{3B8DC658-2275-E4FC-D382-63BA2C3340C8} = {BE49F5CC-47D4-B6EE-0617-A6B3BEAAA92C}
		{5600B91B-7526-195F-266B-66F0190C4C8E} = {5D9911B7-EB03-812D-C67A-5773AF7CD052}
		{3EE6475F-A2A1-39BC-9C34-433526CA6F9A} = {0A1F6824-C60C-DD5D-DB06-0D73BC801DFF}
		{F2273CBF-F424-409F-621D-C6D96808E0A6} = {031EFB20-C3E6-F9AD-07EA-782F83DBEF35}
		{84BC9275-643B-ECEE-CFD7-E37F41739873} = {C5BD2EB7-250E-C51A-0F80-A7C2488299F4}
		{E4FCEC30-C4B0-0BE3-BEB4-4F4A18D2C5C3} = {C1307707-F12E-78A4-366B-68670753E97D}
		{7176AE6D-D3C8-3D2C-0C5B-6E7AAF4F4016} = {5EFF02A9-98AF-0A35-3074-BCE925771623}
		{13E8CD3C-F8E6-AC64-0B4C-A6D98485114D} = {7E44A007-2D1C-AF09-6B35-E80AFB399CC6}
		{D34E5CE4-5B76-7090-9D2D-A3D5EF360107} = {6AB21B39-2C3D-47FD-ADB4-5EDDDB833254}
		{E0B7CAEF-9E21-B2BA-4583-C844BAB00579} = {541CB66F-BE24-BB0A-4BF7-61A3F2C80036}
		{C3D05BB2-AF0C-A165-0916-5BFB70E537AB} = {4C3855D9-575D-BEE4-537D-E565805A7032}
		{12A4965C-2E04-21B6-F12C-F280D65AA53D} = {C8CFF7C7-7BA9-701E-7F7C-3D660FB37398}
		{85CF913F-F9A3-38CE-A05E-098F48748ACC} = {170A6967-FC07-DEA8-89E9-33783D940DC2}
	EndGlobalSection
	GlobalSection(ExtensibilityGlobals) = postSolution
		SolutionGuid = {C25B3C6A-7963-4B77-A8DC-52A1FC41C544}
	EndGlobalSection
EndGlobal
